
Microsoft Visual Studio Solution File, Format Version 12.00
# Visual Studio Version 16
VisualStudioVersion = 16.0.30413.136
MinimumVisualStudioVersion = 10.0.40219.1
Project("{FAE04EC0-301F-11D3-BF4B-00C04F79EFBC}") = "Animal Class", "Animal Class\Animal Class.csproj", "{DB3322C0-2D95-4A4D-BC78-31460DA535F6}"
EndProject
Global
	GlobalSection(SolutionConfigurationPlatforms) = preSolution
		Debug|Any CPU = Debug|Any CPU
		Release|Any CPU = Release|Any CPU
	EndGlobalSection
	GlobalSection(ProjectConfigurationPlatforms) = postSolution
		{DB3322C0-2D95-4A4D-BC78-31460DA535F6}.Debug|Any CPU.ActiveCfg = Debug|Any CPU
		{DB3322C0-2D95-4A4D-BC78-31460DA535F6}.Debug|Any CPU.Build.0 = Debug|Any CPU
		{DB3322C0-2D95-4A4D-BC78-31460DA535F6}.Release|Any CPU.ActiveCfg = Release|Any CPU
		{DB3322C0-2D95-4A4D-BC78-31460DA535F6}.Release|Any CPU.Build.0 = Release|Any CPU
	EndGlobalSection
	GlobalSection(SolutionProperties) = preSolution
		HideSolutionNode = FALSE
	EndGlobalSection
	GlobalSection(ExtensibilityGlobals) = postSolution
		SolutionGuid = {3439097F-B57F-4540-A520-C607337BF99B}
	EndGlobalSection
EndGlobal
